
Microsoft Visual Studio Solution File, Format Version 12.00
# Visual Studio Version 17
VisualStudioVersion = 17.6.33815.320
MinimumVisualStudioVersion = 10.0.40219.1
Project("{FAE04EC0-301F-11D3-BF4B-00C04F79EFBC}") = "Tree-Search-Ai", "Tree-Search-Ai\Tree-Search-Ai.csproj", "{8C675420-F0C9-4C59-B7D6-10AFCFE35080}"
EndProject
Project("{FAE04EC0-301F-11D3-BF4B-00C04F79EFBC}") = "Tic-Tac-Toe-App", "Tic-Tac-Toe-App\Tic-Tac-Toe-App.csproj", "{AC88642D-D237-467A-9C09-15764C1F3882}"
EndProject
Global
	GlobalSection(SolutionConfigurationPlatforms) = preSolution
		Debug|Any CPU = Debug|Any CPU
		Release|Any CPU = Release|Any CPU
	EndGlobalSection
	GlobalSection(ProjectConfigurationPlatforms) = postSolution
		{8C675420-F0C9-4C59-B7D6-10AFCFE35080}.Debug|Any CPU.ActiveCfg = Debug|Any CPU
		{8C675420-F0C9-4C59-B7D6-10AFCFE35080}.Debug|Any CPU.Build.0 = Debug|Any CPU
		{8C675420-F0C9-4C59-B7D6-10AFCFE35080}.Release|Any CPU.ActiveCfg = Release|Any CPU
		{8C675420-F0C9-4C59-B7D6-10AFCFE35080}.Release|Any CPU.Build.0 = Release|Any CPU
		{AC88642D-D237-467A-9C09-15764C1F3882}.Debug|Any CPU.ActiveCfg = Debug|Any CPU
		{AC88642D-D237-467A-9C09-15764C1F3882}.Debug|Any CPU.Build.0 = Debug|Any CPU
		{AC88642D-D237-467A-9C09-15764C1F3882}.Release|Any CPU.ActiveCfg = Release|Any CPU
		{AC88642D-D237-467A-9C09-15764C1F3882}.Release|Any CPU.Build.0 = Release|Any CPU
	EndGlobalSection
	GlobalSection(SolutionProperties) = preSolution
		HideSolutionNode = FALSE
	EndGlobalSection
	GlobalSection(ExtensibilityGlobals) = postSolution
		SolutionGuid = {33DABB06-D39E-4918-8604-EAE81AC54E35}
	EndGlobalSection
EndGlobal
